
Microsoft Visual Studio Solution File, Format Version 12.00
# Visual Studio 14
VisualStudioVersion = 14.0.25123.0
MinimumVisualStudioVersion = 10.0.40219.1
Project("{F184B08F-C81C-45F6-A57F-5ABD9991F28F}") = "GURPSDice_Testing1", "GURPSDice_Testing1\GURPSDice_Testing1.vbproj", "{F02F1B0C-CE1C-4FE3-BAEA-496DE9601841}"
EndProject
Global
	GlobalSection(SolutionConfigurationPlatforms) = preSolution
		Debug|Any CPU = Debug|Any CPU
		Release|Any CPU = Release|Any CPU
	EndGlobalSection
	GlobalSection(ProjectConfigurationPlatforms) = postSolution
		{F02F1B0C-CE1C-4FE3-BAEA-496DE9601841}.Debug|Any CPU.ActiveCfg = Debug|Any CPU
		{F02F1B0C-CE1C-4FE3-BAEA-496DE9601841}.Debug|Any CPU.Build.0 = Debug|Any CPU
		{F02F1B0C-CE1C-4FE3-BAEA-496DE9601841}.Release|Any CPU.ActiveCfg = Release|Any CPU
		{F02F1B0C-CE1C-4FE3-BAEA-496DE9601841}.Release|Any CPU.Build.0 = Release|Any CPU
	EndGlobalSection
	GlobalSection(SolutionProperties) = preSolution
		HideSolutionNode = FALSE
	EndGlobalSection
EndGlobal
